
Microsoft Visual Studio Solution File, Format Version 12.00
# Visual Studio Version 17
VisualStudioVersion = 17.4.33403.182
MinimumVisualStudioVersion = 10.0.40219.1
Project("{9A19103F-16F7-4668-BE54-9A1E7A4F7556}") = "Web", "Trucking\Web.csproj", "{7AF1EE37-2945-47CA-BE90-6DA288A9049A}"
EndProject
Project("{9A19103F-16F7-4668-BE54-9A1E7A4F7556}") = "Infrastructure", "Persistance\Infrastructure.csproj", "{D6104C47-17E8-4C70-B462-FB49E860A640}"
EndProject
Project("{9A19103F-16F7-4668-BE54-9A1E7A4F7556}") = "Application", "Application\Application.csproj", "{6B4A54A8-BD3E-4ADD-81EC-5D65FB3C06F5}"
EndProject
Project("{9A19103F-16F7-4668-BE54-9A1E7A4F7556}") = "Domain", "Domain\Domain.csproj", "{33C5FD54-34AB-4DA9-9817-953670CE41D1}"
EndProject
Global
	GlobalSection(SolutionConfigurationPlatforms) = preSolution
		Debug|Any CPU = Debug|Any CPU
		Release|Any CPU = Release|Any CPU
	EndGlobalSection
	GlobalSection(ProjectConfigurationPlatforms) = postSolution
		{7AF1EE37-2945-47CA-BE90-6DA288A9049A}.Debug|Any CPU.ActiveCfg = Debug|Any CPU
		{7AF1EE37-2945-47CA-BE90-6DA288A9049A}.Debug|Any CPU.Build.0 = Debug|Any CPU
		{7AF1EE37-2945-47CA-BE90-6DA288A9049A}.Release|Any CPU.ActiveCfg = Release|Any CPU
		{7AF1EE37-2945-47CA-BE90-6DA288A9049A}.Release|Any CPU.Build.0 = Release|Any CPU
		{D6104C47-17E8-4C70-B462-FB49E860A640}.Debug|Any CPU.ActiveCfg = Debug|Any CPU
		{D6104C47-17E8-4C70-B462-FB49E860A640}.Debug|Any CPU.Build.0 = Debug|Any CPU
		{D6104C47-17E8-4C70-B462-FB49E860A640}.Release|Any CPU.ActiveCfg = Release|Any CPU
		{D6104C47-17E8-4C70-B462-FB49E860A640}.Release|Any CPU.Build.0 = Release|Any CPU
		{6B4A54A8-BD3E-4ADD-81EC-5D65FB3C06F5}.Debug|Any CPU.ActiveCfg = Debug|Any CPU
		{6B4A54A8-BD3E-4ADD-81EC-5D65FB3C06F5}.Debug|Any CPU.Build.0 = Debug|Any CPU
		{6B4A54A8-BD3E-4ADD-81EC-5D65FB3C06F5}.Release|Any CPU.ActiveCfg = Release|Any CPU
		{6B4A54A8-BD3E-4ADD-81EC-5D65FB3C06F5}.Release|Any CPU.Build.0 = Release|Any CPU
		{33C5FD54-34AB-4DA9-9817-953670CE41D1}.Debug|Any CPU.ActiveCfg = Debug|Any CPU
		{33C5FD54-34AB-4DA9-9817-953670CE41D1}.Debug|Any CPU.Build.0 = Debug|Any CPU
		{33C5FD54-34AB-4DA9-9817-953670CE41D1}.Release|Any CPU.ActiveCfg = Release|Any CPU
		{33C5FD54-34AB-4DA9-9817-953670CE41D1}.Release|Any CPU.Build.0 = Release|Any CPU
	EndGlobalSection
	GlobalSection(SolutionProperties) = preSolution
		HideSolutionNode = FALSE
	EndGlobalSection
	GlobalSection(ExtensibilityGlobals) = postSolution
		SolutionGuid = {BA0B4DBB-9A13-41C2-97D2-EB72B82FE8EF}
	EndGlobalSection
EndGlobal
